
Microsoft Visual Studio Solution File, Format Version 12.00
# Visual Studio Version 16
VisualStudioVersion = 16.0.30002.166
MinimumVisualStudioVersion = 10.0.40219.1
Project("{FAE04EC0-301F-11D3-BF4B-00C04F79EFBC}") = "FightingTogetherRelationship", "FightingTogetherRelationship\FightingTogetherRelationship.csproj", "{F9EC1DFB-299B-465C-BC13-1CF4A01E3197}"
EndProject
Global
	GlobalSection(SolutionConfigurationPlatforms) = preSolution
		Debug|Any CPU = Debug|Any CPU
		Release|Any CPU = Release|Any CPU
	EndGlobalSection
	GlobalSection(ProjectConfigurationPlatforms) = postSolution
		{F9EC1DFB-299B-465C-BC13-1CF4A01E3197}.Debug|Any CPU.ActiveCfg = Debug|Any CPU
		{F9EC1DFB-299B-465C-BC13-1CF4A01E3197}.Debug|Any CPU.Build.0 = Debug|Any CPU
		{F9EC1DFB-299B-465C-BC13-1CF4A01E3197}.Release|Any CPU.ActiveCfg = Release|Any CPU
		{F9EC1DFB-299B-465C-BC13-1CF4A01E3197}.Release|Any CPU.Build.0 = Release|Any CPU
	EndGlobalSection
	GlobalSection(SolutionProperties) = preSolution
		HideSolutionNode = FALSE
	EndGlobalSection
	GlobalSection(ExtensibilityGlobals) = postSolution
		SolutionGuid = {C3988BA8-5700-440E-A303-65F1C6655907}
	EndGlobalSection
EndGlobal
